PODS:
  - BMSAnalyticsAPI (2.0.0)
  - BMSCore (2.0.1):
    - BMSAnalyticsAPI (~> 2.0)
  - BMSPush (2.0.01):
    - BMSCore (~> 2.0)
  - JSQMessagesViewController (7.3.4):
    - JSQSystemSoundPlayer (~> 2.0.1)
  - JSQSystemSoundPlayer (2.0.1)

DEPENDENCIES:
  - BMSAnalyticsAPI
  - BMSCore
  - BMSPush
  - JSQMessagesViewController

SPEC CHECKSUMS:
  BMSAnalyticsAPI: 04dcc022b5123f3615c2de766a7cfc052a541ad1
  BMSCore: c776498a6e1ce04905fbaf67a99b68b2f7d4c8e1
  BMSPush: 6296850c297567a128da27029f31e006f85f5492
  JSQMessagesViewController: 39fed975e3c9f8eba7292071e29eeb541d105e66
  JSQSystemSoundPlayer: c5850e77a4363ffd374cd851154b9af93264ed8d

PODFILE CHECKSUM: aa2f82e82e89a8eb7f68af1dc222761b8754957d

COCOAPODS: 1.1.0.rc.2
